{
  "nodes": {
    "nixpkgs": {
      "locked": {
        "lastModified": 1666789390,
        "narHash": "sha256-dp8//IasTFOWemhD4DOvSqDlDVev9+Qmdv2HJQibAPk=",
        "owner": "nixos",
        "repo": "nixpkgs",
        "rev": "8167d512ed521eddf10d5837bf77e7aefcbd5727",
        "type": "github"
      },
      "original": {
        "owner": "nixos",
        "repo": "nixpkgs",
        "type": "github"
      }
    },
    "root": {
      "inputs": {
        "nixpkgs": "nixpkgs"
      }
    }
  },
  "root": "root",
  "version": 7
}
