{
  "nodes": {
    "computer": {
      "flake": false,
      "locked": {
        "lastModified": 1666984469,
        "narHash": "sha256-2k/2GgOkmCrXhamhddMt/dM9ibfL0trwGqiUJjTK+JQ=",
        "owner": "mads-hartmann",
        "repo": "computer.mads-hartmann.com",
        "rev": "c539f3bed196b0ea797f47012c0775dd469274ce",
        "type": "github"
      },
      "original": {
        "owner": "mads-hartmann",
        "ref": "nix",
        "repo": "computer.mads-hartmann.com",
        "type": "github"
      }
    },
    "nixpkgs": {
      "locked": {
        "lastModified": 1666981147,
        "narHash": "sha256-mlQM2aViOLoxSeQJWUzy6TDw8yERVGCho5S7mjrzDzE=",
        "owner": "nixos",
        "repo": "nixpkgs",
        "rev": "2b544f67efd7b507c883c3dd1e5ee55921d542b3",
        "type": "github"
      },
      "original": {
        "owner": "nixos",
        "repo": "nixpkgs",
        "type": "github"
      }
    },
    "root": {
      "inputs": {
        "computer": "computer",
        "nixpkgs": "nixpkgs"
      }
    }
  },
  "root": "root",
  "version": 7
}
